// !$*UTF8*$!
{
	archiveVersion = 1;
	classes = {
	};
	objectVersion = 56;
	objects = {

/* Begin PBXBuildFile section */
		3E0036DD291C602200CCBEE2 /* ProfileUserPathApp.swift in Sources */ = {isa = PBXBuildFile; fileRef = 3E0036DC291C602200CCBEE2 /* ProfileUserPathApp.swift */; };
		3E0036DF291C602200CCBEE2 /* ContentView.swift in Sources */ = {isa = PBXBuildFile; fileRef = 3E0036DE291C602200CCBEE2 /* ContentView.swift */; };
		3E0036E1291C602300CCBEE2 /* Assets.xcassets in Resources */ = {isa = PBXBuildFile; fileRef = 3E0036E0291C602300CCBEE2 /* Assets.xcassets */; };
		3E0036E4291C602300CCBEE2 /* Preview Assets.xcassets in Resources */ = {isa = PBXBuildFile; fileRef = 3E0036E3291C602300CCBEE2 /* Preview Assets.xcassets */; };
		3E0036ED291DB3F600CCBEE2 /* ImagePickerView.swift in Sources */ = {isa = PBXBuildFile; fileRef = 3E0036EC291DB3F600CCBEE2 /* ImagePickerView.swift */; };
		3E003735292913B800CCBEE2 /* User.swift in Sources */ = {isa = PBXBuildFile; fileRef = 3E003734292913B800CCBEE2 /* User.swift */; };
		3E003738292915BB00CCBEE2 /* PromiseKit in Frameworks */ = {isa = PBXBuildFile; productRef = 3E003737292915BB00CCBEE2 /* PromiseKit */; };
		3E00373B292918A500CCBEE2 /* AppErrors.swift in Sources */ = {isa = PBXBuildFile; fileRef = 3E00373A292918A500CCBEE2 /* AppErrors.swift */; };
		3EC5F5E929292272008FF7C5 /* FirebaseAnalytics in Frameworks */ = {isa = PBXBuildFile; productRef = 3EC5F5E829292272008FF7C5 /* FirebaseAnalytics */; };
		3EC5F5EB29292272008FF7C5 /* FirebaseAnalyticsOnDeviceConversion in Frameworks */ = {isa = PBXBuildFile; productRef = 3EC5F5EA29292272008FF7C5 /* FirebaseAnalyticsOnDeviceConversion */; };
		3EC5F5ED29292272008FF7C5 /* FirebaseAnalyticsSwift in Frameworks */ = {isa = PBXBuildFile; productRef = 3EC5F5EC29292272008FF7C5 /* FirebaseAnalyticsSwift */; };
		3EC5F5EF29292272008FF7C5 /* FirebaseAnalyticsWithoutAdIdSupport in Frameworks */ = {isa = PBXBuildFile; productRef = 3EC5F5EE29292272008FF7C5 /* FirebaseAnalyticsWithoutAdIdSupport */; };
		3EC5F5F129292272008FF7C5 /* FirebaseAppCheck in Frameworks */ = {isa = PBXBuildFile; productRef = 3EC5F5F029292272008FF7C5 /* FirebaseAppCheck */; };
		3EC5F5F329292272008FF7C5 /* FirebaseAppDistribution-Beta in Frameworks */ = {isa = PBXBuildFile; productRef = 3EC5F5F229292272008FF7C5 /* FirebaseAppDistribution-Beta */; };
		3EC5F5F529292272008FF7C5 /* FirebaseAuth in Frameworks */ = {isa = PBXBuildFile; productRef = 3EC5F5F429292272008FF7C5 /* FirebaseAuth */; };
		3EC5F5F729292272008FF7C5 /* FirebaseAuthCombine-Community in Frameworks */ = {isa = PBXBuildFile; productRef = 3EC5F5F629292272008FF7C5 /* FirebaseAuthCombine-Community */; };
		3EC5F5F929292272008FF7C5 /* FirebaseCrashlytics in Frameworks */ = {isa = PBXBuildFile; productRef = 3EC5F5F829292272008FF7C5 /* FirebaseCrashlytics */; };
		3EC5F5FB29292272008FF7C5 /* FirebaseDynamicLinks in Frameworks */ = {isa = PBXBuildFile; productRef = 3EC5F5FA29292272008FF7C5 /* FirebaseDynamicLinks */; };
		3EC5F5FD29292272008FF7C5 /* FirebaseFirestore in Frameworks */ = {isa = PBXBuildFile; productRef = 3EC5F5FC29292272008FF7C5 /* FirebaseFirestore */; };
		3EC5F5FF29292272008FF7C5 /* FirebaseFirestoreCombine-Community in Frameworks */ = {isa = PBXBuildFile; productRef = 3EC5F5FE29292272008FF7C5 /* FirebaseFirestoreCombine-Community */; };
		3EC5F60129292272008FF7C5 /* FirebaseFirestoreSwift in Frameworks */ = {isa = PBXBuildFile; productRef = 3EC5F60029292272008FF7C5 /* FirebaseFirestoreSwift */; };
		3EC5F60329292272008FF7C5 /* FirebaseFunctions in Frameworks */ = {isa = PBXBuildFile; productRef = 3EC5F60229292272008FF7C5 /* FirebaseFunctions */; };
		3EC5F60529292272008FF7C5 /* FirebaseRemoteConfig in Frameworks */ = {isa = PBXBuildFile; productRef = 3EC5F60429292272008FF7C5 /* FirebaseRemoteConfig */; };
		3EC5F60729292272008FF7C5 /* FirebaseRemoteConfigSwift in Frameworks */ = {isa = PBXBuildFile; productRef = 3EC5F60629292272008FF7C5 /* FirebaseRemoteConfigSwift */; };
		3EC5F60929292272008FF7C5 /* FirebaseStorage in Frameworks */ = {isa = PBXBuildFile; productRef = 3EC5F60829292272008FF7C5 /* FirebaseStorage */; };
		3EC5F60B29292272008FF7C5 /* FirebaseStorageCombine-Community in Frameworks */ = {isa = PBXBuildFile; productRef = 3EC5F60A29292272008FF7C5 /* FirebaseStorageCombine-Community */; };
		3EC5F60F292D83EF008FF7C5 /* LoginView.swift in Sources */ = {isa = PBXBuildFile; fileRef = 3EC5F60E292D83EF008FF7C5 /* LoginView.swift */; };
		3EC5F613292E7927008FF7C5 /* GoogleService-Info.plist in Resources */ = {isa = PBXBuildFile; fileRef = 3EC5F612292E7927008FF7C5 /* GoogleService-Info.plist */; };
		716C07EE293EC6E200A3DA3F /* ProfileCreate.swift in Sources */ = {isa = PBXBuildFile; fileRef = 716C07ED293EC6E200A3DA3F /* ProfileCreate.swift */; };
		716C07F0293EDB5E00A3DA3F /* ProfileListViewRow.swift in Sources */ = {isa = PBXBuildFile; fileRef = 716C07EF293EDB5E00A3DA3F /* ProfileListViewRow.swift */; };
		716C07F2293EDDFD00A3DA3F /* MessageFilterButtonView.swift in Sources */ = {isa = PBXBuildFile; fileRef = 716C07F1293EDDFD00A3DA3F /* MessageFilterButtonView.swift */; };
		716C07F4293EDF0100A3DA3F /* SocialView.swift in Sources */ = {isa = PBXBuildFile; fileRef = 716C07F3293EDF0100A3DA3F /* SocialView.swift */; };
		716C07F6293EFADC00A3DA3F /* EmptyListViewRow.swift in Sources */ = {isa = PBXBuildFile; fileRef = 716C07F5293EFADC00A3DA3F /* EmptyListViewRow.swift */; };
		717200E2293E68EB00E9009F /* ConfettiSwiftUI in Frameworks */ = {isa = PBXBuildFile; productRef = 717200E1293E68EB00E9009F /* ConfettiSwiftUI */; };
		717200E5293E6DB100E9009F /* SettingsView.swift in Sources */ = {isa = PBXBuildFile; fileRef = 717200E4293E6DB100E9009F /* SettingsView.swift */; };
		717200E7293E71C400E9009F /* FontChangeView.swift in Sources */ = {isa = PBXBuildFile; fileRef = 717200E6293E71C400E9009F /* FontChangeView.swift */; };
		717200E9293E71D500E9009F /* SettingRowView.swift in Sources */ = {isa = PBXBuildFile; fileRef = 717200E8293E71D500E9009F /* SettingRowView.swift */; };
		717200EB293E733500E9009F /* DarkModeToggleView.swift in Sources */ = {isa = PBXBuildFile; fileRef = 717200EA293E733500E9009F /* DarkModeToggleView.swift */; };
		717200ED293E73B100E9009F /* ColorSchemeChangeView.swift in Sources */ = {isa = PBXBuildFile; fileRef = 717200EC293E73B100E9009F /* ColorSchemeChangeView.swift */; };
		717200EF293E745200E9009F /* PasswordChangeView.swift in Sources */ = {isa = PBXBuildFile; fileRef = 717200EE293E745200E9009F /* PasswordChangeView.swift */; };
		717200F1293E746000E9009F /* DeleteAccountView.swift in Sources */ = {isa = PBXBuildFile; fileRef = 717200F0293E746000E9009F /* DeleteAccountView.swift */; };
		717200F3293E76A600E9009F /* FontStore.swift in Sources */ = {isa = PBXBuildFile; fileRef = 717200F2293E76A600E9009F /* FontStore.swift */; };
		717200F5293E793000E9009F /* DarkModeStore.swift in Sources */ = {isa = PBXBuildFile; fileRef = 717200F4293E793000E9009F /* DarkModeStore.swift */; };
		717200F7293EAABA00E9009F /* ProfileFilterButtons.swift in Sources */ = {isa = PBXBuildFile; fileRef = 717200F6293EAABA00E9009F /* ProfileFilterButtons.swift */; };
		71AE5870293DA10E004A17E3 /* EventsViewModel.swift in Sources */ = {isa = PBXBuildFile; fileRef = 71AE586F293DA10E004A17E3 /* EventsViewModel.swift */; };
		71AE5872293DA294004A17E3 /* AuthViewModel.swift in Sources */ = {isa = PBXBuildFile; fileRef = 71AE5871293DA294004A17E3 /* AuthViewModel.swift */; };
		71AE5875293DD0E2004A17E3 /* ProfileView.swift in Sources */ = {isa = PBXBuildFile; fileRef = 71AE5874293DD0E2004A17E3 /* ProfileView.swift */; };
		71AE5877293DE95F004A17E3 /* RegistrationView.swift in Sources */ = {isa = PBXBuildFile; fileRef = 71AE5876293DE95F004A17E3 /* RegistrationView.swift */; };
		71AE587A293DEA4B004A17E3 /* index.swift in Sources */ = {isa = PBXBuildFile; fileRef = 71AE5879293DEA4B004A17E3 /* index.swift */; };
		71AE587C293DF227004A17E3 /* ProfileHeaderView.swift in Sources */ = {isa = PBXBuildFile; fileRef = 71AE587B293DF227004A17E3 /* ProfileHeaderView.swift */; };
		71AE5880293DF25A004A17E3 /* ProfileViewModel.swift in Sources */ = {isa = PBXBuildFile; fileRef = 71AE587F293DF25A004A17E3 /* ProfileViewModel.swift */; };
		71AE5882293DF476004A17E3 /* ProfileActionButtonView.swift in Sources */ = {isa = PBXBuildFile; fileRef = 71AE5881293DF476004A17E3 /* ProfileActionButtonView.swift */; };
		71AE5886293E21E6004A17E3 /* ProfielViewModel.swift in Sources */ = {isa = PBXBuildFile; fileRef = 71AE5885293E21E6004A17E3 /* ProfielViewModel.swift */; };
		71AE5888293E24E0004A17E3 /* EditProfileView.swift in Sources */ = {isa = PBXBuildFile; fileRef = 71AE5887293E24E0004A17E3 /* EditProfileView.swift */; };
		71AE588A293E2559004A17E3 /* EditProfileViewModel.swift in Sources */ = {isa = PBXBuildFile; fileRef = 71AE5889293E2559004A17E3 /* EditProfileViewModel.swift */; };
		71AE588C293E2B10004A17E3 /* ConversationsViewModel.swift in Sources */ = {isa = PBXBuildFile; fileRef = 71AE588B293E2B10004A17E3 /* ConversationsViewModel.swift */; };
		71AE588E293E2CD8004A17E3 /* SearchViewModel.swift in Sources */ = {isa = PBXBuildFile; fileRef = 71AE588D293E2CD8004A17E3 /* SearchViewModel.swift */; };
		71AE5890293E3274004A17E3 /* ChatViewModel.swift in Sources */ = {isa = PBXBuildFile; fileRef = 71AE588F293E3274004A17E3 /* ChatViewModel.swift */; };
		71AE5892293E3BB8004A17E3 /* NotificationsView.swift in Sources */ = {isa = PBXBuildFile; fileRef = 71AE5891293E3BB8004A17E3 /* NotificationsView.swift */; };
		BF2869D4293412EC002EC628 /* ConservationsView.swift in Sources */ = {isa = PBXBuildFile; fileRef = BF2869D3293412EC002EC628 /* ConservationsView.swift */; };
		BF2869D629341300002EC628 /* ConversationCell.swift in Sources */ = {isa = PBXBuildFile; fileRef = BF2869D529341300002EC628 /* ConversationCell.swift */; };
		BF2869D82934193C002EC628 /* SearchView.swift in Sources */ = {isa = PBXBuildFile; fileRef = BF2869D72934193C002EC628 /* SearchView.swift */; };
		BF2869DA29341A73002EC628 /* MessageInputView.swift in Sources */ = {isa = PBXBuildFile; fileRef = BF2869D929341A73002EC628 /* MessageInputView.swift */; };
		BF2869DC29341B05002EC628 /* ChatView.swift in Sources */ = {isa = PBXBuildFile; fileRef = BF2869DB29341B05002EC628 /* ChatView.swift */; };
		BF2869DE29345034002EC628 /* ChatBubble.swift in Sources */ = {isa = PBXBuildFile; fileRef = BF2869DD29345034002EC628 /* ChatBubble.swift */; };
		BF2869E0293453DD002EC628 /* Message.swift in Sources */ = {isa = PBXBuildFile; fileRef = BF2869DF293453DD002EC628 /* Message.swift */; };
		BF2869E229345721002EC628 /* MessageView.swift in Sources */ = {isa = PBXBuildFile; fileRef = BF2869E129345721002EC628 /* MessageView.swift */; };
		BF2869E4293458A6002EC628 /* UserCell.swift in Sources */ = {isa = PBXBuildFile; fileRef = BF2869E3293458A6002EC628 /* UserCell.swift */; };
		BF2869E629345A0C002EC628 /* SearchBar.swift in Sources */ = {isa = PBXBuildFile; fileRef = BF2869E529345A0C002EC628 /* SearchBar.swift */; };
		BF2CA087293D183500E0BAF8 /* EventStore.swift in Sources */ = {isa = PBXBuildFile; fileRef = BF2CA086293D183500E0BAF8 /* EventStore.swift */; };
		BF2CA089293D19F800E0BAF8 /* Event.swift in Sources */ = {isa = PBXBuildFile; fileRef = BF2CA088293D19F800E0BAF8 /* Event.swift */; };
		BF2CA08C293D1AE800E0BAF8 /* Date+Extension.swift in Sources */ = {isa = PBXBuildFile; fileRef = BF2CA08B293D1AE800E0BAF8 /* Date+Extension.swift */; };
		BF2CA08E293D1BAE00E0BAF8 /* EventsListView.swift in Sources */ = {isa = PBXBuildFile; fileRef = BF2CA08D293D1BAE00E0BAF8 /* EventsListView.swift */; };
		BF2CA091293D1BC400E0BAF8 /* EventsCalendarView.swift in Sources */ = {isa = PBXBuildFile; fileRef = BF2CA090293D1BC400E0BAF8 /* EventsCalendarView.swift */; };
		BF2CA096293D1C7C00E0BAF8 /* EventFormType.swift in Sources */ = {isa = PBXBuildFile; fileRef = BF2CA095293D1C7C00E0BAF8 /* EventFormType.swift */; };
		BF2CA098293D1C9200E0BAF8 /* EventFormView.swift in Sources */ = {isa = PBXBuildFile; fileRef = BF2CA097293D1C9200E0BAF8 /* EventFormView.swift */; };
		BF2CA09A293D1CC200E0BAF8 /* EventFormViewModel.swift in Sources */ = {isa = PBXBuildFile; fileRef = BF2CA099293D1CC200E0BAF8 /* EventFormViewModel.swift */; };
		BF2CA09D293D1D3700E0BAF8 /* ListViewRow.swift in Sources */ = {isa = PBXBuildFile; fileRef = BF2CA09C293D1D3700E0BAF8 /* ListViewRow.swift */; };
		BF2CA09F293D229800E0BAF8 /* CalendarView.swift in Sources */ = {isa = PBXBuildFile; fileRef = BF2CA09E293D229800E0BAF8 /* CalendarView.swift */; };
		BF2CA0A1293D293300E0BAF8 /* DaysEventsListView.swift in Sources */ = {isa = PBXBuildFile; fileRef = BF2CA0A0293D293300E0BAF8 /* DaysEventsListView.swift */; };
		BF2CA0A4293D8F4400E0BAF8 /* Kingfisher in Frameworks */ = {isa = PBXBuildFile; productRef = BF2CA0A3293D8F4400E0BAF8 /* Kingfisher */; };
		BFD041C429349BB5001B727D /* NewMessageView.swift in Sources */ = {isa = PBXBuildFile; fileRef = BFD041C329349BB5001B727D /* NewMessageView.swift */; };
		EA600AEC292E691200A7E224 /* ScannerViewModel.swift in Sources */ = {isa = PBXBuildFile; fileRef = EA600AEB292E691200A7E224 /* ScannerViewModel.swift */; };
		EA600AEE292E692A00A7E224 /* ScannerView.swift in Sources */ = {isa = PBXBuildFile; fileRef = EA600AED292E692A00A7E224 /* ScannerView.swift */; };
		EA600AF0292E694200A7E224 /* QrCodeCameraDelegate.swift in Sources */ = {isa = PBXBuildFile; fileRef = EA600AEF292E694200A7E224 /* QrCodeCameraDelegate.swift */; };
		EA600AF4292E6DB200A7E224 /* QRImageGenerator.swift in Sources */ = {isa = PBXBuildFile; fileRef = EA600AF3292E6DB200A7E224 /* QRImageGenerator.swift */; };
		EA600AF6292E6F5200A7E224 /* CameraPreview.swift in Sources */ = {isa = PBXBuildFile; fileRef = EA600AF5292E6F5200A7E224 /* CameraPreview.swift */; };
		EA600AF8292E6F6B00A7E224 /* QRScannerView.swift in Sources */ = {isa = PBXBuildFile; fileRef = EA600AF7292E6F6B00A7E224 /* QRScannerView.swift */; };
		EA890391292E592A008C8A81 /* ImageLoader.swift in Sources */ = {isa = PBXBuildFile; fileRef = EA890390292E592A008C8A81 /* ImageLoader.swift */; };
		EA890393292E5975008C8A81 /* FirebaseImage.swift in Sources */ = {isa = PBXBuildFile; fileRef = EA890392292E5975008C8A81 /* FirebaseImage.swift */; };
		EA890395292E6166008C8A81 /* CameraView.swift in Sources */ = {isa = PBXBuildFile; fileRef = EA890394292E6166008C8A81 /* CameraView.swift */; };
/* End PBXBuildFile section */

/* Begin PBXFileReference section */
		3E0036D9291C602200CCBEE2 /* ProfileUserPath.app */ = {isa = PBXFileReference; explicitFileType = wrapper.application; includeInIndex = 0; path = ProfileUserPath.app; sourceTree = BUILT_PRODUCTS_DIR; };
		3E0036DC291C602200CCBEE2 /* ProfileUserPathApp.swift */ = {isa = PBXFileReference; lastKnownFileType = sourcecode.swift; path = ProfileUserPathApp.swift; sourceTree = "<group>"; };
		3E0036DE291C602200CCBEE2 /* ContentView.swift */ = {isa = PBXFileReference; lastKnownFileType = sourcecode.swift; path = ContentView.swift; sourceTree = "<group>"; };
		3E0036E0291C602300CCBEE2 /* Assets.xcassets */ = {isa = PBXFileReference; lastKnownFileType = folder.assetcatalog; path = Assets.xcassets; sourceTree = "<group>"; };
		3E0036E3291C602300CCBEE2 /* Preview Assets.xcassets */ = {isa = PBXFileReference; lastKnownFileType = folder.assetcatalog; path = "Preview Assets.xcassets"; sourceTree = "<group>"; };
		3E0036EC291DB3F600CCBEE2 /* ImagePickerView.swift */ = {isa = PBXFileReference; lastKnownFileType = sourcecode.swift; path = ImagePickerView.swift; sourceTree = "<group>"; };
		3E003734292913B800CCBEE2 /* User.swift */ = {isa = PBXFileReference; lastKnownFileType = sourcecode.swift; path = User.swift; sourceTree = "<group>"; };
		3E00373A292918A500CCBEE2 /* AppErrors.swift */ = {isa = PBXFileReference; lastKnownFileType = sourcecode.swift; path = AppErrors.swift; sourceTree = "<group>"; };
		3EC5F60E292D83EF008FF7C5 /* LoginView.swift */ = {isa = PBXFileReference; lastKnownFileType = sourcecode.swift; path = LoginView.swift; sourceTree = "<group>"; };
		3EC5F612292E7927008FF7C5 /* GoogleService-Info.plist */ = {isa = PBXFileReference; fileEncoding = 4; lastKnownFileType = text.plist.xml; path = "GoogleService-Info.plist"; sourceTree = "<group>"; };
		716C07ED293EC6E200A3DA3F /* ProfileCreate.swift */ = {isa = PBXFileReference; lastKnownFileType = sourcecode.swift; path = ProfileCreate.swift; sourceTree = "<group>"; };
		716C07EF293EDB5E00A3DA3F /* ProfileListViewRow.swift */ = {isa = PBXFileReference; lastKnownFileType = sourcecode.swift; path = ProfileListViewRow.swift; sourceTree = "<group>"; };
		716C07F1293EDDFD00A3DA3F /* MessageFilterButtonView.swift */ = {isa = PBXFileReference; lastKnownFileType = sourcecode.swift; path = MessageFilterButtonView.swift; sourceTree = "<group>"; };
		716C07F3293EDF0100A3DA3F /* SocialView.swift */ = {isa = PBXFileReference; lastKnownFileType = sourcecode.swift; path = SocialView.swift; sourceTree = "<group>"; };
		716C07F5293EFADC00A3DA3F /* EmptyListViewRow.swift */ = {isa = PBXFileReference; lastKnownFileType = sourcecode.swift; path = EmptyListViewRow.swift; sourceTree = "<group>"; };
		717200E4293E6DB100E9009F /* SettingsView.swift */ = {isa = PBXFileReference; lastKnownFileType = sourcecode.swift; path = SettingsView.swift; sourceTree = "<group>"; };
		717200E6293E71C400E9009F /* FontChangeView.swift */ = {isa = PBXFileReference; lastKnownFileType = sourcecode.swift; path = FontChangeView.swift; sourceTree = "<group>"; };
		717200E8293E71D500E9009F /* SettingRowView.swift */ = {isa = PBXFileReference; lastKnownFileType = sourcecode.swift; path = SettingRowView.swift; sourceTree = "<group>"; };
		717200EA293E733500E9009F /* DarkModeToggleView.swift */ = {isa = PBXFileReference; lastKnownFileType = sourcecode.swift; path = DarkModeToggleView.swift; sourceTree = "<group>"; };
		717200EC293E73B100E9009F /* ColorSchemeChangeView.swift */ = {isa = PBXFileReference; lastKnownFileType = sourcecode.swift; path = ColorSchemeChangeView.swift; sourceTree = "<group>"; };
		717200EE293E745200E9009F /* PasswordChangeView.swift */ = {isa = PBXFileReference; lastKnownFileType = sourcecode.swift; path = PasswordChangeView.swift; sourceTree = "<group>"; };
		717200F0293E746000E9009F /* DeleteAccountView.swift */ = {isa = PBXFileReference; lastKnownFileType = sourcecode.swift; path = DeleteAccountView.swift; sourceTree = "<group>"; };
		717200F2293E76A600E9009F /* FontStore.swift */ = {isa = PBXFileReference; lastKnownFileType = sourcecode.swift; path = FontStore.swift; sourceTree = "<group>"; };
		717200F4293E793000E9009F /* DarkModeStore.swift */ = {isa = PBXFileReference; lastKnownFileType = sourcecode.swift; path = DarkModeStore.swift; sourceTree = "<group>"; };
		717200F6293EAABA00E9009F /* ProfileFilterButtons.swift */ = {isa = PBXFileReference; lastKnownFileType = sourcecode.swift; path = ProfileFilterButtons.swift; sourceTree = "<group>"; };
		71AE586F293DA10E004A17E3 /* EventsViewModel.swift */ = {isa = PBXFileReference; lastKnownFileType = sourcecode.swift; path = EventsViewModel.swift; sourceTree = "<group>"; };
		71AE5871293DA294004A17E3 /* AuthViewModel.swift */ = {isa = PBXFileReference; lastKnownFileType = sourcecode.swift; path = AuthViewModel.swift; sourceTree = "<group>"; };
		71AE5874293DD0E2004A17E3 /* ProfileView.swift */ = {isa = PBXFileReference; lastKnownFileType = sourcecode.swift; path = ProfileView.swift; sourceTree = "<group>"; };
		71AE5876293DE95F004A17E3 /* RegistrationView.swift */ = {isa = PBXFileReference; lastKnownFileType = sourcecode.swift; path = RegistrationView.swift; sourceTree = "<group>"; };
		71AE5879293DEA4B004A17E3 /* index.swift */ = {isa = PBXFileReference; lastKnownFileType = sourcecode.swift; path = index.swift; sourceTree = "<group>"; };
		71AE587B293DF227004A17E3 /* ProfileHeaderView.swift */ = {isa = PBXFileReference; lastKnownFileType = sourcecode.swift; path = ProfileHeaderView.swift; sourceTree = "<group>"; };
		71AE587F293DF25A004A17E3 /* ProfileViewModel.swift */ = {isa = PBXFileReference; lastKnownFileType = sourcecode.swift; path = ProfileViewModel.swift; sourceTree = "<group>"; };
		71AE5881293DF476004A17E3 /* ProfileActionButtonView.swift */ = {isa = PBXFileReference; lastKnownFileType = sourcecode.swift; path = ProfileActionButtonView.swift; sourceTree = "<group>"; };
		71AE5885293E21E6004A17E3 /* ProfielViewModel.swift */ = {isa = PBXFileReference; lastKnownFileType = sourcecode.swift; path = ProfielViewModel.swift; sourceTree = "<group>"; };
		71AE5887293E24E0004A17E3 /* EditProfileView.swift */ = {isa = PBXFileReference; lastKnownFileType = sourcecode.swift; path = EditProfileView.swift; sourceTree = "<group>"; };
		71AE5889293E2559004A17E3 /* EditProfileViewModel.swift */ = {isa = PBXFileReference; lastKnownFileType = sourcecode.swift; path = EditProfileViewModel.swift; sourceTree = "<group>"; };
		71AE588B293E2B10004A17E3 /* ConversationsViewModel.swift */ = {isa = PBXFileReference; lastKnownFileType = sourcecode.swift; path = ConversationsViewModel.swift; sourceTree = "<group>"; };
		71AE588D293E2CD8004A17E3 /* SearchViewModel.swift */ = {isa = PBXFileReference; lastKnownFileType = sourcecode.swift; path = SearchViewModel.swift; sourceTree = "<group>"; };
		71AE588F293E3274004A17E3 /* ChatViewModel.swift */ = {isa = PBXFileReference; lastKnownFileType = sourcecode.swift; path = ChatViewModel.swift; sourceTree = "<group>"; };
		71AE5891293E3BB8004A17E3 /* NotificationsView.swift */ = {isa = PBXFileReference; lastKnownFileType = sourcecode.swift; path = NotificationsView.swift; sourceTree = "<group>"; };
		BF2869D3293412EC002EC628 /* ConservationsView.swift */ = {isa = PBXFileReference; lastKnownFileType = sourcecode.swift; path = ConservationsView.swift; sourceTree = "<group>"; };
		BF2869D529341300002EC628 /* ConversationCell.swift */ = {isa = PBXFileReference; lastKnownFileType = sourcecode.swift; path = ConversationCell.swift; sourceTree = "<group>"; };
		BF2869D72934193C002EC628 /* SearchView.swift */ = {isa = PBXFileReference; lastKnownFileType = sourcecode.swift; path = SearchView.swift; sourceTree = "<group>"; };
		BF2869D929341A73002EC628 /* MessageInputView.swift */ = {isa = PBXFileReference; lastKnownFileType = sourcecode.swift; path = MessageInputView.swift; sourceTree = "<group>"; };
		BF2869DB29341B05002EC628 /* ChatView.swift */ = {isa = PBXFileReference; lastKnownFileType = sourcecode.swift; path = ChatView.swift; sourceTree = "<group>"; };
		BF2869DD29345034002EC628 /* ChatBubble.swift */ = {isa = PBXFileReference; lastKnownFileType = sourcecode.swift; path = ChatBubble.swift; sourceTree = "<group>"; };
		BF2869DF293453DD002EC628 /* Message.swift */ = {isa = PBXFileReference; lastKnownFileType = sourcecode.swift; path = Message.swift; sourceTree = "<group>"; };
		BF2869E129345721002EC628 /* MessageView.swift */ = {isa = PBXFileReference; lastKnownFileType = sourcecode.swift; path = MessageView.swift; sourceTree = "<group>"; };
		BF2869E3293458A6002EC628 /* UserCell.swift */ = {isa = PBXFileReference; lastKnownFileType = sourcecode.swift; path = UserCell.swift; sourceTree = "<group>"; };
		BF2869E529345A0C002EC628 /* SearchBar.swift */ = {isa = PBXFileReference; lastKnownFileType = sourcecode.swift; path = SearchBar.swift; sourceTree = "<group>"; };
		BF2CA086293D183500E0BAF8 /* EventStore.swift */ = {isa = PBXFileReference; lastKnownFileType = sourcecode.swift; path = EventStore.swift; sourceTree = "<group>"; };
		BF2CA088293D19F800E0BAF8 /* Event.swift */ = {isa = PBXFileReference; lastKnownFileType = sourcecode.swift; path = Event.swift; sourceTree = "<group>"; };
		BF2CA08B293D1AE800E0BAF8 /* Date+Extension.swift */ = {isa = PBXFileReference; lastKnownFileType = sourcecode.swift; path = "Date+Extension.swift"; sourceTree = "<group>"; };
		BF2CA08D293D1BAE00E0BAF8 /* EventsListView.swift */ = {isa = PBXFileReference; lastKnownFileType = sourcecode.swift; path = EventsListView.swift; sourceTree = "<group>"; };
		BF2CA090293D1BC400E0BAF8 /* EventsCalendarView.swift */ = {isa = PBXFileReference; lastKnownFileType = sourcecode.swift; path = EventsCalendarView.swift; sourceTree = "<group>"; };
		BF2CA095293D1C7C00E0BAF8 /* EventFormType.swift */ = {isa = PBXFileReference; lastKnownFileType = sourcecode.swift; path = EventFormType.swift; sourceTree = "<group>"; };
		BF2CA097293D1C9200E0BAF8 /* EventFormView.swift */ = {isa = PBXFileReference; lastKnownFileType = sourcecode.swift; path = EventFormView.swift; sourceTree = "<group>"; };
		BF2CA099293D1CC200E0BAF8 /* EventFormViewModel.swift */ = {isa = PBXFileReference; lastKnownFileType = sourcecode.swift; path = EventFormViewModel.swift; sourceTree = "<group>"; };
		BF2CA09C293D1D3700E0BAF8 /* ListViewRow.swift */ = {isa = PBXFileReference; lastKnownFileType = sourcecode.swift; path = ListViewRow.swift; sourceTree = "<group>"; };
		BF2CA09E293D229800E0BAF8 /* CalendarView.swift */ = {isa = PBXFileReference; lastKnownFileType = sourcecode.swift; path = CalendarView.swift; sourceTree = "<group>"; };
		BF2CA0A0293D293300E0BAF8 /* DaysEventsListView.swift */ = {isa = PBXFileReference; lastKnownFileType = sourcecode.swift; path = DaysEventsListView.swift; sourceTree = "<group>"; };
		BFD041C329349BB5001B727D /* NewMessageView.swift */ = {isa = PBXFileReference; lastKnownFileType = sourcecode.swift; path = NewMessageView.swift; sourceTree = "<group>"; };
		EA600AEB292E691200A7E224 /* ScannerViewModel.swift */ = {isa = PBXFileReference; lastKnownFileType = sourcecode.swift; path = ScannerViewModel.swift; sourceTree = "<group>"; };
		EA600AED292E692A00A7E224 /* ScannerView.swift */ = {isa = PBXFileReference; lastKnownFileType = sourcecode.swift; path = ScannerView.swift; sourceTree = "<group>"; };
		EA600AEF292E694200A7E224 /* QrCodeCameraDelegate.swift */ = {isa = PBXFileReference; lastKnownFileType = sourcecode.swift; path = QrCodeCameraDelegate.swift; sourceTree = "<group>"; };
		EA600AF3292E6DB200A7E224 /* QRImageGenerator.swift */ = {isa = PBXFileReference; lastKnownFileType = sourcecode.swift; path = QRImageGenerator.swift; sourceTree = "<group>"; };
		EA600AF5292E6F5200A7E224 /* CameraPreview.swift */ = {isa = PBXFileReference; lastKnownFileType = sourcecode.swift; path = CameraPreview.swift; sourceTree = "<group>"; };
		EA600AF7292E6F6B00A7E224 /* QRScannerView.swift */ = {isa = PBXFileReference; lastKnownFileType = sourcecode.swift; path = QRScannerView.swift; sourceTree = "<group>"; };
		EA890390292E592A008C8A81 /* ImageLoader.swift */ = {isa = PBXFileReference; lastKnownFileType = sourcecode.swift; path = ImageLoader.swift; sourceTree = "<group>"; };
		EA890392292E5975008C8A81 /* FirebaseImage.swift */ = {isa = PBXFileReference; lastKnownFileType = sourcecode.swift; path = FirebaseImage.swift; sourceTree = "<group>"; };
		EA890394292E6166008C8A81 /* CameraView.swift */ = {isa = PBXFileReference; lastKnownFileType = sourcecode.swift; path = CameraView.swift; sourceTree = "<group>"; };
/* End PBXFileReference section */

/* Begin PBXFrameworksBuildPhase section */
		3E0036D6291C602200CCBEE2 /* Frameworks */ = {
			isa = PBXFrameworksBuildPhase;
			buildActionMask = 2147483647;
			files = (
				3EC5F5FF29292272008FF7C5 /* FirebaseFirestoreCombine-Community in Frameworks */,
				3EC5F5F329292272008FF7C5 /* FirebaseAppDistribution-Beta in Frameworks */,
				3EC5F5FB29292272008FF7C5 /* FirebaseDynamicLinks in Frameworks */,
				3EC5F60129292272008FF7C5 /* FirebaseFirestoreSwift in Frameworks */,
				BF2CA0A4293D8F4400E0BAF8 /* Kingfisher in Frameworks */,
				3EC5F5F729292272008FF7C5 /* FirebaseAuthCombine-Community in Frameworks */,
				717200E2293E68EB00E9009F /* ConfettiSwiftUI in Frameworks */,
				3EC5F5ED29292272008FF7C5 /* FirebaseAnalyticsSwift in Frameworks */,
				3EC5F60B29292272008FF7C5 /* FirebaseStorageCombine-Community in Frameworks */,
				3EC5F5EF29292272008FF7C5 /* FirebaseAnalyticsWithoutAdIdSupport in Frameworks */,
				3EC5F60529292272008FF7C5 /* FirebaseRemoteConfig in Frameworks */,
				3EC5F5FD29292272008FF7C5 /* FirebaseFirestore in Frameworks */,
				3EC5F60729292272008FF7C5 /* FirebaseRemoteConfigSwift in Frameworks */,
				3EC5F5E929292272008FF7C5 /* FirebaseAnalytics in Frameworks */,
				3EC5F60929292272008FF7C5 /* FirebaseStorage in Frameworks */,
				3EC5F5EB29292272008FF7C5 /* FirebaseAnalyticsOnDeviceConversion in Frameworks */,
				3EC5F5F129292272008FF7C5 /* FirebaseAppCheck in Frameworks */,
				3EC5F5F929292272008FF7C5 /* FirebaseCrashlytics in Frameworks */,
				3EC5F60329292272008FF7C5 /* FirebaseFunctions in Frameworks */,
				3E003738292915BB00CCBEE2 /* PromiseKit in Frameworks */,
				3EC5F5F529292272008FF7C5 /* FirebaseAuth in Frameworks */,
			);
			runOnlyForDeploymentPostprocessing = 0;
		};
/* End PBXFrameworksBuildPhase section */

/* Begin PBXGroup section */
		3E0036D0291C602200CCBEE2 = {
			isa = PBXGroup;
			children = (
				3E0036DB291C602200CCBEE2 /* ProfileUserPath */,
				3E0036DA291C602200CCBEE2 /* Products */,
			);
			sourceTree = "<group>";
		};
		3E0036DA291C602200CCBEE2 /* Products */ = {
			isa = PBXGroup;
			children = (
				3E0036D9291C602200CCBEE2 /* ProfileUserPath.app */,
			);
			name = Products;
			sourceTree = "<group>";
		};
		3E0036DB291C602200CCBEE2 /* ProfileUserPath */ = {
			isa = PBXGroup;
			children = (
				71AE5878293DEA3F004A17E3 /* Util */,
				71AE586C293D9C00004A17E3 /* ViewModel */,
				BF2CA08A293D1AC300E0BAF8 /* Extensions */,
				3EC5F612292E7927008FF7C5 /* GoogleService-Info.plist */,
				3E0037392929188900CCBEE2 /* errors */,
				3E003733292913AC00CCBEE2 /* models */,
				3E0036DC291C602200CCBEE2 /* ProfileUserPathApp.swift */,
				3E0036DE291C602200CCBEE2 /* ContentView.swift */,
				3E0036E0291C602300CCBEE2 /* Assets.xcassets */,
				3E0036E2291C602300CCBEE2 /* Preview Content */,
				3E0036EC291DB3F600CCBEE2 /* ImagePickerView.swift */,
				EA890390292E592A008C8A81 /* ImageLoader.swift */,
				EA890392292E5975008C8A81 /* FirebaseImage.swift */,
				BF2869D1293412AA002EC628 /* Views */,
				EA600AEF292E694200A7E224 /* QrCodeCameraDelegate.swift */,
				EA600AF3292E6DB200A7E224 /* QRImageGenerator.swift */,
				EA600AF5292E6F5200A7E224 /* CameraPreview.swift */,
			);
			path = ProfileUserPath;
			sourceTree = "<group>";
		};
		3E0036E2291C602300CCBEE2 /* Preview Content */ = {
			isa = PBXGroup;
			children = (
				3E0036E3291C602300CCBEE2 /* Preview Assets.xcassets */,
			);
			path = "Preview Content";
			sourceTree = "<group>";
		};
		3E003733292913AC00CCBEE2 /* models */ = {
			isa = PBXGroup;
			children = (
				3E003734292913B800CCBEE2 /* User.swift */,
				EA600AEB292E691200A7E224 /* ScannerViewModel.swift */,
				BF2869DF293453DD002EC628 /* Message.swift */,
				BF2CA086293D183500E0BAF8 /* EventStore.swift */,
				BF2CA088293D19F800E0BAF8 /* Event.swift */,
				717200F2293E76A600E9009F /* FontStore.swift */,
				717200F4293E793000E9009F /* DarkModeStore.swift */,
			);
			path = models;
			sourceTree = "<group>";
		};
		3E0037392929188900CCBEE2 /* errors */ = {
			isa = PBXGroup;
			children = (
				3E00373A292918A500CCBEE2 /* AppErrors.swift */,
			);
			path = errors;
			sourceTree = "<group>";
		};
		717200E3293E6DA600E9009F /* Settings */ = {
			isa = PBXGroup;
			children = (
				717200E4293E6DB100E9009F /* SettingsView.swift */,
				717200E6293E71C400E9009F /* FontChangeView.swift */,
				717200E8293E71D500E9009F /* SettingRowView.swift */,
				717200EA293E733500E9009F /* DarkModeToggleView.swift */,
				717200EC293E73B100E9009F /* ColorSchemeChangeView.swift */,
				717200EE293E745200E9009F /* PasswordChangeView.swift */,
				717200F0293E746000E9009F /* DeleteAccountView.swift */,
			);
			path = Settings;
			sourceTree = "<group>";
		};
		71AE586C293D9C00004A17E3 /* ViewModel */ = {
			isa = PBXGroup;
			children = (
				71AE586F293DA10E004A17E3 /* EventsViewModel.swift */,
				71AE5871293DA294004A17E3 /* AuthViewModel.swift */,
				71AE587F293DF25A004A17E3 /* ProfileViewModel.swift */,
				71AE5885293E21E6004A17E3 /* ProfielViewModel.swift */,
				71AE5889293E2559004A17E3 /* EditProfileViewModel.swift */,
				71AE588B293E2B10004A17E3 /* ConversationsViewModel.swift */,
				71AE588D293E2CD8004A17E3 /* SearchViewModel.swift */,
				71AE588F293E3274004A17E3 /* ChatViewModel.swift */,
			);
			path = ViewModel;
			sourceTree = "<group>";
		};
		71AE5873293DD0D8004A17E3 /* Profile */ = {
			isa = PBXGroup;
			children = (
				71AE5874293DD0E2004A17E3 /* ProfileView.swift */,
				71AE587B293DF227004A17E3 /* ProfileHeaderView.swift */,
				71AE5881293DF476004A17E3 /* ProfileActionButtonView.swift */,
				71AE5887293E24E0004A17E3 /* EditProfileView.swift */,
				717200F6293EAABA00E9009F /* ProfileFilterButtons.swift */,
				716C07ED293EC6E200A3DA3F /* ProfileCreate.swift */,
				716C07EF293EDB5E00A3DA3F /* ProfileListViewRow.swift */,
			);
			path = Profile;
			sourceTree = "<group>";
		};
		71AE5878293DEA3F004A17E3 /* Util */ = {
			isa = PBXGroup;
			children = (
				71AE5879293DEA4B004A17E3 /* index.swift */,
			);
			path = Util;
			sourceTree = "<group>";
		};
		71AE5883293E19DE004A17E3 /* Notifications */ = {
			isa = PBXGroup;
			children = (
				71AE5891293E3BB8004A17E3 /* NotificationsView.swift */,
			);
			path = Notifications;
			sourceTree = "<group>";
		};
		71AE5884293E1A6B004A17E3 /* Search */ = {
			isa = PBXGroup;
			children = (
				BF2869E3293458A6002EC628 /* UserCell.swift */,
				BF2869E529345A0C002EC628 /* SearchBar.swift */,
				BF2869D72934193C002EC628 /* SearchView.swift */,
			);
			path = Search;
			sourceTree = "<group>";
		};
		BF2869D1293412AA002EC628 /* Views */ = {
			isa = PBXGroup;
			children = (
				717200E3293E6DA600E9009F /* Settings */,
				71AE5884293E1A6B004A17E3 /* Search */,
				71AE5883293E19DE004A17E3 /* Notifications */,
				71AE5873293DD0D8004A17E3 /* Profile */,
				BF2CA08F293D1BB300E0BAF8 /* Events */,
				BF2869D2293412D7002EC628 /* Messages */,
				3EC5F60E292D83EF008FF7C5 /* LoginView.swift */,
				EA600AF7292E6F6B00A7E224 /* QRScannerView.swift */,
				EA600AED292E692A00A7E224 /* ScannerView.swift */,
				71AE5876293DE95F004A17E3 /* RegistrationView.swift */,
				EA890394292E6166008C8A81 /* CameraView.swift */,
			);
			path = Views;
			sourceTree = "<group>";
		};
		BF2869D2293412D7002EC628 /* Messages */ = {
			isa = PBXGroup;
			children = (
				BF2869D3293412EC002EC628 /* ConservationsView.swift */,
				BF2869D529341300002EC628 /* ConversationCell.swift */,
				BF2869D929341A73002EC628 /* MessageInputView.swift */,
				BF2869DB29341B05002EC628 /* ChatView.swift */,
				BF2869DD29345034002EC628 /* ChatBubble.swift */,
				BF2869E129345721002EC628 /* MessageView.swift */,
				BFD041C329349BB5001B727D /* NewMessageView.swift */,
				716C07F1293EDDFD00A3DA3F /* MessageFilterButtonView.swift */,
				716C07F3293EDF0100A3DA3F /* SocialView.swift */,
			);
			path = Messages;
			sourceTree = "<group>";
		};
		BF2CA08A293D1AC300E0BAF8 /* Extensions */ = {
			isa = PBXGroup;
			children = (
				BF2CA08B293D1AE800E0BAF8 /* Date+Extension.swift */,
			);
			path = Extensions;
			sourceTree = "<group>";
		};
		BF2CA08F293D1BB300E0BAF8 /* Events */ = {
			isa = PBXGroup;
			children = (
				BF2CA09B293D1CFE00E0BAF8 /* ListView */,
				BF2CA094293D1C6600E0BAF8 /* EditUpdateView */,
				BF2CA090293D1BC400E0BAF8 /* EventsCalendarView.swift */,
				BF2CA09E293D229800E0BAF8 /* CalendarView.swift */,
				BF2CA0A0293D293300E0BAF8 /* DaysEventsListView.swift */,
			);
			path = Events;
			sourceTree = "<group>";
		};
		BF2CA094293D1C6600E0BAF8 /* EditUpdateView */ = {
			isa = PBXGroup;
			children = (
				BF2CA095293D1C7C00E0BAF8 /* EventFormType.swift */,
				BF2CA097293D1C9200E0BAF8 /* EventFormView.swift */,
				BF2CA099293D1CC200E0BAF8 /* EventFormViewModel.swift */,
			);
			path = EditUpdateView;
			sourceTree = "<group>";
		};
		BF2CA09B293D1CFE00E0BAF8 /* ListView */ = {
			isa = PBXGroup;
			children = (
				BF2CA08D293D1BAE00E0BAF8 /* EventsListView.swift */,
				716C07F5293EFADC00A3DA3F /* EmptyListViewRow.swift */,
				BF2CA09C293D1D3700E0BAF8 /* ListViewRow.swift */,
			);
			path = ListView;
			sourceTree = "<group>";
		};
/* End PBXGroup section */

/* Begin PBXNativeTarget section */
		3E0036D8291C602200CCBEE2 /* ProfileUserPath */ = {
			isa = PBXNativeTarget;
			buildConfigurationList = 3E0036E7291C602300CCBEE2 /* Build configuration list for PBXNativeTarget "ProfileUserPath" */;
			buildPhases = (
				3E0036D5291C602200CCBEE2 /* Sources */,
				3E0036D6291C602200CCBEE2 /* Frameworks */,
				3E0036D7291C602200CCBEE2 /* Resources */,
			);
			buildRules = (
			);
			dependencies = (
			);
			name = ProfileUserPath;
			packageProductDependencies = (
				3E003737292915BB00CCBEE2 /* PromiseKit */,
				3EC5F5E829292272008FF7C5 /* FirebaseAnalytics */,
				3EC5F5EA29292272008FF7C5 /* FirebaseAnalyticsOnDeviceConversion */,
				3EC5F5EC29292272008FF7C5 /* FirebaseAnalyticsSwift */,
				3EC5F5EE29292272008FF7C5 /* FirebaseAnalyticsWithoutAdIdSupport */,
				3EC5F5F029292272008FF7C5 /* FirebaseAppCheck */,
				3EC5F5F229292272008FF7C5 /* FirebaseAppDistribution-Beta */,
				3EC5F5F429292272008FF7C5 /* FirebaseAuth */,
				3EC5F5F629292272008FF7C5 /* FirebaseAuthCombine-Community */,
				3EC5F5F829292272008FF7C5 /* FirebaseCrashlytics */,
				3EC5F5FA29292272008FF7C5 /* FirebaseDynamicLinks */,
				3EC5F5FC29292272008FF7C5 /* FirebaseFirestore */,
				3EC5F5FE29292272008FF7C5 /* FirebaseFirestoreCombine-Community */,
				3EC5F60029292272008FF7C5 /* FirebaseFirestoreSwift */,
				3EC5F60229292272008FF7C5 /* FirebaseFunctions */,
				3EC5F60429292272008FF7C5 /* FirebaseRemoteConfig */,
				3EC5F60629292272008FF7C5 /* FirebaseRemoteConfigSwift */,
				3EC5F60829292272008FF7C5 /* FirebaseStorage */,
				3EC5F60A29292272008FF7C5 /* FirebaseStorageCombine-Community */,
				BF2CA0A3293D8F4400E0BAF8 /* Kingfisher */,
				717200E1293E68EB00E9009F /* ConfettiSwiftUI */,
			);
			productName = ProfileUserPath;
			productReference = 3E0036D9291C602200CCBEE2 /* ProfileUserPath.app */;
			productType = "com.apple.product-type.application";
		};
/* End PBXNativeTarget section */

/* Begin PBXProject section */
		3E0036D1291C602200CCBEE2 /* Project object */ = {
			isa = PBXProject;
			attributes = {
				BuildIndependentTargetsInParallel = 1;
				LastSwiftUpdateCheck = 1400;
				LastUpgradeCheck = 1400;
				TargetAttributes = {
					3E0036D8291C602200CCBEE2 = {
						CreatedOnToolsVersion = 14.0.1;
					};
				};
			};
			buildConfigurationList = 3E0036D4291C602200CCBEE2 /* Build configuration list for PBXProject "ProfileUserPath" */;
			compatibilityVersion = "Xcode 14.0";
			developmentRegion = en;
			hasScannedForEncodings = 0;
			knownRegions = (
				en,
				Base,
			);
			mainGroup = 3E0036D0291C602200CCBEE2;
			packageReferences = (
				3E003736292915BB00CCBEE2 /* XCRemoteSwiftPackageReference "PromiseKit" */,
				3EC5F5E729292272008FF7C5 /* XCRemoteSwiftPackageReference "firebase-ios-sdk" */,
				BF2CA0A2293D8F4300E0BAF8 /* XCRemoteSwiftPackageReference "Kingfisher" */,
				717200E0293E68EB00E9009F /* XCRemoteSwiftPackageReference "ConfettiSwiftUI" */,
			);
			productRefGroup = 3E0036DA291C602200CCBEE2 /* Products */;
			projectDirPath = "";
			projectRoot = "";
			targets = (
				3E0036D8291C602200CCBEE2 /* ProfileUserPath */,
			);
		};
/* End PBXProject section */

/* Begin PBXResourcesBuildPhase section */
		3E0036D7291C602200CCBEE2 /* Resources */ = {
			isa = PBXResourcesBuildPhase;
			buildActionMask = 2147483647;
			files = (
				3E0036E4291C602300CCBEE2 /* Preview Assets.xcassets in Resources */,
				3EC5F613292E7927008FF7C5 /* GoogleService-Info.plist in Resources */,
				3E0036E1291C602300CCBEE2 /* Assets.xcassets in Resources */,
			);
			runOnlyForDeploymentPostprocessing = 0;
		};
/* End PBXResourcesBuildPhase section */

/* Begin PBXSourcesBuildPhase section */
		3E0036D5291C602200CCBEE2 /* Sources */ = {
			isa = PBXSourcesBuildPhase;
			buildActionMask = 2147483647;
			files = (
				BFD041C429349BB5001B727D /* NewMessageView.swift in Sources */,
				717200EF293E745200E9009F /* PasswordChangeView.swift in Sources */,
				717200F5293E793000E9009F /* DarkModeStore.swift in Sources */,
				EA600AF6292E6F5200A7E224 /* CameraPreview.swift in Sources */,
				71AE587A293DEA4B004A17E3 /* index.swift in Sources */,
				BF2869DA29341A73002EC628 /* MessageInputView.swift in Sources */,
				71AE5877293DE95F004A17E3 /* RegistrationView.swift in Sources */,
				BF2869D82934193C002EC628 /* SearchView.swift in Sources */,
				71AE5882293DF476004A17E3 /* ProfileActionButtonView.swift in Sources */,
				BF2CA0A1293D293300E0BAF8 /* DaysEventsListView.swift in Sources */,
				EA600AF4292E6DB200A7E224 /* QRImageGenerator.swift in Sources */,
				BF2CA098293D1C9200E0BAF8 /* EventFormView.swift in Sources */,
				BF2CA08C293D1AE800E0BAF8 /* Date+Extension.swift in Sources */,
				717200F7293EAABA00E9009F /* ProfileFilterButtons.swift in Sources */,
				717200E7293E71C400E9009F /* FontChangeView.swift in Sources */,
				BF2869DC29341B05002EC628 /* ChatView.swift in Sources */,
				716C07F2293EDDFD00A3DA3F /* MessageFilterButtonView.swift in Sources */,
				716C07EE293EC6E200A3DA3F /* ProfileCreate.swift in Sources */,
				3E00373B292918A500CCBEE2 /* AppErrors.swift in Sources */,
				BF2CA09F293D229800E0BAF8 /* CalendarView.swift in Sources */,
				3EC5F60F292D83EF008FF7C5 /* LoginView.swift in Sources */,
				EA600AEC292E691200A7E224 /* ScannerViewModel.swift in Sources */,
				71AE588C293E2B10004A17E3 /* ConversationsViewModel.swift in Sources */,
				71AE5875293DD0E2004A17E3 /* ProfileView.swift in Sources */,
				3E0036ED291DB3F600CCBEE2 /* ImagePickerView.swift in Sources */,
				71AE5888293E24E0004A17E3 /* EditProfileView.swift in Sources */,
				BF2CA087293D183500E0BAF8 /* EventStore.swift in Sources */,
				EA600AF8292E6F6B00A7E224 /* QRScannerView.swift in Sources */,
				EA890395292E6166008C8A81 /* CameraView.swift in Sources */,
				717200E9293E71D500E9009F /* SettingRowView.swift in Sources */,
				71AE5892293E3BB8004A17E3 /* NotificationsView.swift in Sources */,
				BF2869D629341300002EC628 /* ConversationCell.swift in Sources */,
				BF2869E229345721002EC628 /* MessageView.swift in Sources */,
				71AE588A293E2559004A17E3 /* EditProfileViewModel.swift in Sources */,
				BF2869E629345A0C002EC628 /* SearchBar.swift in Sources */,
				71AE5872293DA294004A17E3 /* AuthViewModel.swift in Sources */,
				BF2CA08E293D1BAE00E0BAF8 /* EventsListView.swift in Sources */,
				BF2869E4293458A6002EC628 /* UserCell.swift in Sources */,
				EA600AF0292E694200A7E224 /* QrCodeCameraDelegate.swift in Sources */,
				3E0036DF291C602200CCBEE2 /* ContentView.swift in Sources */,
				BF2CA089293D19F800E0BAF8 /* Event.swift in Sources */,
				BF2869DE29345034002EC628 /* ChatBubble.swift in Sources */,
				717200F1293E746000E9009F /* DeleteAccountView.swift in Sources */,
				71AE5870293DA10E004A17E3 /* EventsViewModel.swift in Sources */,
				71AE5886293E21E6004A17E3 /* ProfielViewModel.swift in Sources */,
				717200EB293E733500E9009F /* DarkModeToggleView.swift in Sources */,
				EA890393292E5975008C8A81 /* FirebaseImage.swift in Sources */,
				716C07F4293EDF0100A3DA3F /* SocialView.swift in Sources */,
				BF2869E0293453DD002EC628 /* Message.swift in Sources */,
				BF2869D4293412EC002EC628 /* ConservationsView.swift in Sources */,
				71AE587C293DF227004A17E3 /* ProfileHeaderView.swift in Sources */,
				71AE5890293E3274004A17E3 /* ChatViewModel.swift in Sources */,
				716C07F6293EFADC00A3DA3F /* EmptyListViewRow.swift in Sources */,
				3E003735292913B800CCBEE2 /* User.swift in Sources */,
				716C07F0293EDB5E00A3DA3F /* ProfileListViewRow.swift in Sources */,
				71AE5880293DF25A004A17E3 /* ProfileViewModel.swift in Sources */,
				EA600AEE292E692A00A7E224 /* ScannerView.swift in Sources */,
				BF2CA091293D1BC400E0BAF8 /* EventsCalendarView.swift in Sources */,
				BF2CA09D293D1D3700E0BAF8 /* ListViewRow.swift in Sources */,
				EA890391292E592A008C8A81 /* ImageLoader.swift in Sources */,
				717200E5293E6DB100E9009F /* SettingsView.swift in Sources */,
				71AE588E293E2CD8004A17E3 /* SearchViewModel.swift in Sources */,
				3E0036DD291C602200CCBEE2 /* ProfileUserPathApp.swift in Sources */,
				BF2CA096293D1C7C00E0BAF8 /* EventFormType.swift in Sources */,
				717200ED293E73B100E9009F /* ColorSchemeChangeView.swift in Sources */,
				717200F3293E76A600E9009F /* FontStore.swift in Sources */,
				BF2CA09A293D1CC200E0BAF8 /* EventFormViewModel.swift in Sources */,
			);
			runOnlyForDeploymentPostprocessing = 0;
		};
/* End PBXSourcesBuildPhase section */

/* Begin XCBuildConfiguration section */
		3E0036E5291C602300CCBEE2 /* Debug */ = {
			isa = XCBuildConfiguration;
			buildSettings = {
				ALWAYS_SEARCH_USER_PATHS = NO;
				CLANG_ANALYZER_NONNULL = YES;
				CLANG_ANALYZER_NUMBER_OBJECT_CONVERSION = YES_AGGRESSIVE;
				CLANG_CXX_LANGUAGE_STANDARD = "gnu++20";
				CLANG_ENABLE_MODULES = YES;
				CLANG_ENABLE_OBJC_ARC = YES;
				CLANG_ENABLE_OBJC_WEAK = YES;
				CLANG_WARN_BLOCK_CAPTURE_AUTORELEASING = YES;
				CLANG_WARN_BOOL_CONVERSION = YES;
				CLANG_WARN_COMMA = YES;
				CLANG_WARN_CONSTANT_CONVERSION = YES;
				CLANG_WARN_DEPRECATED_OBJC_IMPLEMENTATIONS = YES;
				CLANG_WARN_DIRECT_OBJC_ISA_USAGE = YES_ERROR;
				CLANG_WARN_DOCUMENTATION_COMMENTS = YES;
				CLANG_WARN_EMPTY_BODY = YES;
				CLANG_WARN_ENUM_CONVERSION = YES;
				CLANG_WARN_INFINITE_RECURSION = YES;
				CLANG_WARN_INT_CONVERSION = YES;
				CLANG_WARN_NON_LITERAL_NULL_CONVERSION = YES;
				CLANG_WARN_OBJC_IMPLICIT_RETAIN_SELF = YES;
				CLANG_WARN_OBJC_LITERAL_CONVERSION = YES;
				CLANG_WARN_OBJC_ROOT_CLASS = YES_ERROR;
				CLANG_WARN_QUOTED_INCLUDE_IN_FRAMEWORK_HEADER = YES;
				CLANG_WARN_RANGE_LOOP_ANALYSIS = YES;
				CLANG_WARN_STRICT_PROTOTYPES = YES;
				CLANG_WARN_SUSPICIOUS_MOVE = YES;
				CLANG_WARN_UNGUARDED_AVAILABILITY = YES_AGGRESSIVE;
				CLANG_WARN_UNREACHABLE_CODE = YES;
				CLANG_WARN__DUPLICATE_METHOD_MATCH = YES;
				COPY_PHASE_STRIP = NO;
				DEBUG_INFORMATION_FORMAT = dwarf;
				ENABLE_STRICT_OBJC_MSGSEND = YES;
				ENABLE_TESTABILITY = YES;
				GCC_C_LANGUAGE_STANDARD = gnu11;
				GCC_DYNAMIC_NO_PIC = NO;
				GCC_NO_COMMON_BLOCKS = YES;
				GCC_OPTIMIZATION_LEVEL = 0;
				GCC_PREPROCESSOR_DEFINITIONS = (
					"DEBUG=1",
					"$(inherited)",
				);
				GCC_WARN_64_TO_32_BIT_CONVERSION = YES;
				GCC_WARN_ABOUT_RETURN_TYPE = YES_ERROR;
				GCC_WARN_UNDECLARED_SELECTOR = YES;
				GCC_WARN_UNINITIALIZED_AUTOS = YES_AGGRESSIVE;
				GCC_WARN_UNUSED_FUNCTION = YES;
				GCC_WARN_UNUSED_VARIABLE = YES;
				IPHONEOS_DEPLOYMENT_TARGET = 16.0;
				MTL_ENABLE_DEBUG_INFO = INCLUDE_SOURCE;
				MTL_FAST_MATH = YES;
				ONLY_ACTIVE_ARCH = YES;
				SDKROOT = iphoneos;
				SWIFT_ACTIVE_COMPILATION_CONDITIONS = DEBUG;
				SWIFT_OPTIMIZATION_LEVEL = "-Onone";
			};
			name = Debug;
		};
		3E0036E6291C602300CCBEE2 /* Release */ = {
			isa = XCBuildConfiguration;
			buildSettings = {
				ALWAYS_SEARCH_USER_PATHS = NO;
				CLANG_ANALYZER_NONNULL = YES;
				CLANG_ANALYZER_NUMBER_OBJECT_CONVERSION = YES_AGGRESSIVE;
				CLANG_CXX_LANGUAGE_STANDARD = "gnu++20";
				CLANG_ENABLE_MODULES = YES;
				CLANG_ENABLE_OBJC_ARC = YES;
				CLANG_ENABLE_OBJC_WEAK = YES;
				CLANG_WARN_BLOCK_CAPTURE_AUTORELEASING = YES;
				CLANG_WARN_BOOL_CONVERSION = YES;
				CLANG_WARN_COMMA = YES;
				CLANG_WARN_CONSTANT_CONVERSION = YES;
				CLANG_WARN_DEPRECATED_OBJC_IMPLEMENTATIONS = YES;
				CLANG_WARN_DIRECT_OBJC_ISA_USAGE = YES_ERROR;
				CLANG_WARN_DOCUMENTATION_COMMENTS = YES;
				CLANG_WARN_EMPTY_BODY = YES;
				CLANG_WARN_ENUM_CONVERSION = YES;
				CLANG_WARN_INFINITE_RECURSION = YES;
				CLANG_WARN_INT_CONVERSION = YES;
				CLANG_WARN_NON_LITERAL_NULL_CONVERSION = YES;
				CLANG_WARN_OBJC_IMPLICIT_RETAIN_SELF = YES;
				CLANG_WARN_OBJC_LITERAL_CONVERSION = YES;
				CLANG_WARN_OBJC_ROOT_CLASS = YES_ERROR;
				CLANG_WARN_QUOTED_INCLUDE_IN_FRAMEWORK_HEADER = YES;
				CLANG_WARN_RANGE_LOOP_ANALYSIS = YES;
				CLANG_WARN_STRICT_PROTOTYPES = YES;
				CLANG_WARN_SUSPICIOUS_MOVE = YES;
				CLANG_WARN_UNGUARDED_AVAILABILITY = YES_AGGRESSIVE;
				CLANG_WARN_UNREACHABLE_CODE = YES;
				CLANG_WARN__DUPLICATE_METHOD_MATCH = YES;
				COPY_PHASE_STRIP = NO;
				DEBUG_INFORMATION_FORMAT = "dwarf-with-dsym";
				ENABLE_NS_ASSERTIONS = NO;
				ENABLE_STRICT_OBJC_MSGSEND = YES;
				GCC_C_LANGUAGE_STANDARD = gnu11;
				GCC_NO_COMMON_BLOCKS = YES;
				GCC_WARN_64_TO_32_BIT_CONVERSION = YES;
				GCC_WARN_ABOUT_RETURN_TYPE = YES_ERROR;
				GCC_WARN_UNDECLARED_SELECTOR = YES;
				GCC_WARN_UNINITIALIZED_AUTOS = YES_AGGRESSIVE;
				GCC_WARN_UNUSED_FUNCTION = YES;
				GCC_WARN_UNUSED_VARIABLE = YES;
				IPHONEOS_DEPLOYMENT_TARGET = 16.0;
				MTL_ENABLE_DEBUG_INFO = NO;
				MTL_FAST_MATH = YES;
				SDKROOT = iphoneos;
				SWIFT_COMPILATION_MODE = wholemodule;
				SWIFT_OPTIMIZATION_LEVEL = "-O";
				VALIDATE_PRODUCT = YES;
			};
			name = Release;
		};
		3E0036E8291C602300CCBEE2 /* Debug */ = {
			isa = XCBuildConfiguration;
			buildSettings = {
				ASSETCATALOG_COMPILER_APPICON_NAME = AppIcon;
				ASSETCATALOG_COMPILER_GLOBAL_ACCENT_COLOR_NAME = AccentColor;
				CODE_SIGN_STYLE = Automatic;
				CURRENT_PROJECT_VERSION = 1;
				DEVELOPMENT_ASSET_PATHS = "\"ProfileUserPath/Preview Content\"";
				DEVELOPMENT_TEAM = F88F3V85M7;
				ENABLE_PREVIEWS = YES;
				GENERATE_INFOPLIST_FILE = YES;
				INFOPLIST_KEY_NSCameraUsageDescription = "We need access to all your good photos";
				INFOPLIST_KEY_UIApplicationSceneManifest_Generation = YES;
				INFOPLIST_KEY_UIApplicationSupportsIndirectInputEvents = YES;
				INFOPLIST_KEY_UILaunchScreen_Generation = YES;
				INFOPLIST_KEY_UISupportedInterfaceOrientations_iPad = "UIInterfaceOrientationPortrait UIInterfaceOrientationPortraitUpsideDown UIInterfaceOrientationLandscapeLeft UIInterfaceOrientationLandscapeRight";
				INFOPLIST_KEY_UISupportedInterfaceOrientations_iPhone = "UIInterfaceOrientationPortrait UIInterfaceOrientationLandscapeLeft UIInterfaceOrientationLandscapeRight";
				IPHONEOS_DEPLOYMENT_TARGET = 15.0;
				LD_RUNPATH_SEARCH_PATHS = (
					"$(inherited)",
					"@executable_path/Frameworks",
				);
				MARKETING_VERSION = 1.0;
				PRODUCT_BUNDLE_IDENTIFIER = com.matthewmolinar.MeetMeOutside;
				PRODUCT_NAME = "$(TARGET_NAME)";
				SWIFT_EMIT_LOC_STRINGS = YES;
				SWIFT_VERSION = 5.0;
				TARGETED_DEVICE_FAMILY = "1,2";
			};
			name = Debug;
		};
		3E0036E9291C602300CCBEE2 /* Release */ = {
			isa = XCBuildConfiguration;
			buildSettings = {
				ASSETCATALOG_COMPILER_APPICON_NAME = AppIcon;
				ASSETCATALOG_COMPILER_GLOBAL_ACCENT_COLOR_NAME = AccentColor;
				CODE_SIGN_STYLE = Automatic;
				CURRENT_PROJECT_VERSION = 1;
				DEVELOPMENT_ASSET_PATHS = "\"ProfileUserPath/Preview Content\"";
				DEVELOPMENT_TEAM = F88F3V85M7;
				ENABLE_PREVIEWS = YES;
				GENERATE_INFOPLIST_FILE = YES;
				INFOPLIST_KEY_NSCameraUsageDescription = "We need access to all your good photos";
				INFOPLIST_KEY_UIApplicationSceneManifest_Generation = YES;
				INFOPLIST_KEY_UIApplicationSupportsIndirectInputEvents = YES;
				INFOPLIST_KEY_UILaunchScreen_Generation = YES;
				INFOPLIST_KEY_UISupportedInterfaceOrientations_iPad = "UIInterfaceOrientationPortrait UIInterfaceOrientationPortraitUpsideDown UIInterfaceOrientationLandscapeLeft UIInterfaceOrientationLandscapeRight";
				INFOPLIST_KEY_UISupportedInterfaceOrientations_iPhone = "UIInterfaceOrientationPortrait UIInterfaceOrientationLandscapeLeft UIInterfaceOrientationLandscapeRight";
				IPHONEOS_DEPLOYMENT_TARGET = 15.0;
				LD_RUNPATH_SEARCH_PATHS = (
					"$(inherited)",
					"@executable_path/Frameworks",
				);
				MARKETING_VERSION = 1.0;
				PRODUCT_BUNDLE_IDENTIFIER = com.matthewmolinar.MeetMeOutside;
				PRODUCT_NAME = "$(TARGET_NAME)";
				SWIFT_EMIT_LOC_STRINGS = YES;
				SWIFT_VERSION = 5.0;
				TARGETED_DEVICE_FAMILY = "1,2";
			};
			name = Release;
		};
/* End XCBuildConfiguration section */

/* Begin XCConfigurationList section */
		3E0036D4291C602200CCBEE2 /* Build configuration list for PBXProject "ProfileUserPath" */ = {
			isa = XCConfigurationList;
			buildConfigurations = (
				3E0036E5291C602300CCBEE2 /* Debug */,
				3E0036E6291C602300CCBEE2 /* Release */,
			);
			defaultConfigurationIsVisible = 0;
			defaultConfigurationName = Release;
		};
		3E0036E7291C602300CCBEE2 /* Build configuration list for PBXNativeTarget "ProfileUserPath" */ = {
			isa = XCConfigurationList;
			buildConfigurations = (
				3E0036E8291C602300CCBEE2 /* Debug */,
				3E0036E9291C602300CCBEE2 /* Release */,
			);
			defaultConfigurationIsVisible = 0;
			defaultConfigurationName = Release;
		};
/* End XCConfigurationList section */

/* Begin XCRemoteSwiftPackageReference section */
		3E003736292915BB00CCBEE2 /* XCRemoteSwiftPackageReference "PromiseKit" */ = {
			isa = XCRemoteSwiftPackageReference;
			repositoryURL = "https://github.com/mxcl/PromiseKit.git";
			requirement = {
				kind = upToNextMajorVersion;
				minimumVersion = 6.0.0;
			};
		};
		3EC5F5E729292272008FF7C5 /* XCRemoteSwiftPackageReference "firebase-ios-sdk" */ = {
			isa = XCRemoteSwiftPackageReference;
			repositoryURL = "https://github.com/firebase/firebase-ios-sdk.git";
			requirement = {
				branch = master;
				kind = branch;
			};
		};
		717200E0293E68EB00E9009F /* XCRemoteSwiftPackageReference "ConfettiSwiftUI" */ = {
			isa = XCRemoteSwiftPackageReference;
			repositoryURL = "https://github.com/simibac/ConfettiSwiftUI.git";
			requirement = {
				kind = upToNextMajorVersion;
				minimumVersion = 1.0.0;
			};
		};
		BF2CA0A2293D8F4300E0BAF8 /* XCRemoteSwiftPackageReference "Kingfisher" */ = {
			isa = XCRemoteSwiftPackageReference;
			repositoryURL = "https://github.com/onevcat/Kingfisher.git";
			requirement = {
				kind = upToNextMajorVersion;
				minimumVersion = 7.0.0;
			};
		};
/* End XCRemoteSwiftPackageReference section */

/* Begin XCSwiftPackageProductDependency section */
		3E003737292915BB00CCBEE2 /* PromiseKit */ = {
			isa = XCSwiftPackageProductDependency;
			package = 3E003736292915BB00CCBEE2 /* XCRemoteSwiftPackageReference "PromiseKit" */;
			productName = PromiseKit;
		};
		3EC5F5E829292272008FF7C5 /* FirebaseAnalytics */ = {
			isa = XCSwiftPackageProductDependency;
			package = 3EC5F5E729292272008FF7C5 /* XCRemoteSwiftPackageReference "firebase-ios-sdk" */;
			productName = FirebaseAnalytics;
		};
		3EC5F5EA29292272008FF7C5 /* FirebaseAnalyticsOnDeviceConversion */ = {
			isa = XCSwiftPackageProductDependency;
			package = 3EC5F5E729292272008FF7C5 /* XCRemoteSwiftPackageReference "firebase-ios-sdk" */;
			productName = FirebaseAnalyticsOnDeviceConversion;
		};
		3EC5F5EC29292272008FF7C5 /* FirebaseAnalyticsSwift */ = {
			isa = XCSwiftPackageProductDependency;
			package = 3EC5F5E729292272008FF7C5 /* XCRemoteSwiftPackageReference "firebase-ios-sdk" */;
			productName = FirebaseAnalyticsSwift;
		};
		3EC5F5EE29292272008FF7C5 /* FirebaseAnalyticsWithoutAdIdSupport */ = {
			isa = XCSwiftPackageProductDependency;
			package = 3EC5F5E729292272008FF7C5 /* XCRemoteSwiftPackageReference "firebase-ios-sdk" */;
			productName = FirebaseAnalyticsWithoutAdIdSupport;
		};
		3EC5F5F029292272008FF7C5 /* FirebaseAppCheck */ = {
			isa = XCSwiftPackageProductDependency;
			package = 3EC5F5E729292272008FF7C5 /* XCRemoteSwiftPackageReference "firebase-ios-sdk" */;
			productName = FirebaseAppCheck;
		};
		3EC5F5F229292272008FF7C5 /* FirebaseAppDistribution-Beta */ = {
			isa = XCSwiftPackageProductDependency;
			package = 3EC5F5E729292272008FF7C5 /* XCRemoteSwiftPackageReference "firebase-ios-sdk" */;
			productName = "FirebaseAppDistribution-Beta";
		};
		3EC5F5F429292272008FF7C5 /* FirebaseAuth */ = {
			isa = XCSwiftPackageProductDependency;
			package = 3EC5F5E729292272008FF7C5 /* XCRemoteSwiftPackageReference "firebase-ios-sdk" */;
			productName = FirebaseAuth;
		};
		3EC5F5F629292272008FF7C5 /* FirebaseAuthCombine-Community */ = {
			isa = XCSwiftPackageProductDependency;
			package = 3EC5F5E729292272008FF7C5 /* XCRemoteSwiftPackageReference "firebase-ios-sdk" */;
			productName = "FirebaseAuthCombine-Community";
		};
		3EC5F5F829292272008FF7C5 /* FirebaseCrashlytics */ = {
			isa = XCSwiftPackageProductDependency;
			package = 3EC5F5E729292272008FF7C5 /* XCRemoteSwiftPackageReference "firebase-ios-sdk" */;
			productName = FirebaseCrashlytics;
		};
		3EC5F5FA29292272008FF7C5 /* FirebaseDynamicLinks */ = {
			isa = XCSwiftPackageProductDependency;
			package = 3EC5F5E729292272008FF7C5 /* XCRemoteSwiftPackageReference "firebase-ios-sdk" */;
			productName = FirebaseDynamicLinks;
		};
		3EC5F5FC29292272008FF7C5 /* FirebaseFirestore */ = {
			isa = XCSwiftPackageProductDependency;
			package = 3EC5F5E729292272008FF7C5 /* XCRemoteSwiftPackageReference "firebase-ios-sdk" */;
			productName = FirebaseFirestore;
		};
		3EC5F5FE29292272008FF7C5 /* FirebaseFirestoreCombine-Community */ = {
			isa = XCSwiftPackageProductDependency;
			package = 3EC5F5E729292272008FF7C5 /* XCRemoteSwiftPackageReference "firebase-ios-sdk" */;
			productName = "FirebaseFirestoreCombine-Community";
		};
		3EC5F60029292272008FF7C5 /* FirebaseFirestoreSwift */ = {
			isa = XCSwiftPackageProductDependency;
			package = 3EC5F5E729292272008FF7C5 /* XCRemoteSwiftPackageReference "firebase-ios-sdk" */;
			productName = FirebaseFirestoreSwift;
		};
		3EC5F60229292272008FF7C5 /* FirebaseFunctions */ = {
			isa = XCSwiftPackageProductDependency;
			package = 3EC5F5E729292272008FF7C5 /* XCRemoteSwiftPackageReference "firebase-ios-sdk" */;
			productName = FirebaseFunctions;
		};
		3EC5F60429292272008FF7C5 /* FirebaseRemoteConfig */ = {
			isa = XCSwiftPackageProductDependency;
			package = 3EC5F5E729292272008FF7C5 /* XCRemoteSwiftPackageReference "firebase-ios-sdk" */;
			productName = FirebaseRemoteConfig;
		};
		3EC5F60629292272008FF7C5 /* FirebaseRemoteConfigSwift */ = {
			isa = XCSwiftPackageProductDependency;
			package = 3EC5F5E729292272008FF7C5 /* XCRemoteSwiftPackageReference "firebase-ios-sdk" */;
			productName = FirebaseRemoteConfigSwift;
		};
		3EC5F60829292272008FF7C5 /* FirebaseStorage */ = {
			isa = XCSwiftPackageProductDependency;
			package = 3EC5F5E729292272008FF7C5 /* XCRemoteSwiftPackageReference "firebase-ios-sdk" */;
			productName = FirebaseStorage;
		};
		3EC5F60A29292272008FF7C5 /* FirebaseStorageCombine-Community */ = {
			isa = XCSwiftPackageProductDependency;
			package = 3EC5F5E729292272008FF7C5 /* XCRemoteSwiftPackageReference "firebase-ios-sdk" */;
			productName = "FirebaseStorageCombine-Community";
		};
		717200E1293E68EB00E9009F /* ConfettiSwiftUI */ = {
			isa = XCSwiftPackageProductDependency;
			package = 717200E0293E68EB00E9009F /* XCRemoteSwiftPackageReference "ConfettiSwiftUI" */;
			productName = ConfettiSwiftUI;
		};
		BF2CA0A3293D8F4400E0BAF8 /* Kingfisher */ = {
			isa = XCSwiftPackageProductDependency;
			package = BF2CA0A2293D8F4300E0BAF8 /* XCRemoteSwiftPackageReference "Kingfisher" */;
			productName = Kingfisher;
		};
/* End XCSwiftPackageProductDependency section */
	};
	rootObject = 3E0036D1291C602200CCBEE2 /* Project object */;
}
